# THIS IS AN AUTOGENERATED FILE. DO NOT EDIT THIS FILE DIRECTLY.
# yarn lockfile v1


nextjs-breadcrumbs@^1.1.9:
  version "1.1.9"
  resolved "https://registry.yarnpkg.com/nextjs-breadcrumbs/-/nextjs-breadcrumbs-1.1.9.tgz#6b50c3bcf0db6b59985d89cfb95b69b6bc4f4bb5"
  integrity sha512-kzK1bysO5dqdlsPgJ84XgAfAFKWEqlXcSWROwuR1BqST8ibcmLc3LKgak8hiO2DH2mMdd0wTR7oCkebReyBQTg==
